
Microsoft Visual Studio Solution File, Format Version 12.00
# Visual Studio Version 16
VisualStudioVersion = 16.0.29519.87
MinimumVisualStudioVersion = 10.0.40219.1
Project("{FAE04EC0-301F-11D3-BF4B-00C04F79EFBC}") = "CompanyIntelGatherer", "CompanyIntelGatherer\CompanyIntelGatherer.csproj", "{3BA04733-FE58-4BBB-9AA4-76C17F0103B1}"
EndProject
Global
	GlobalSection(SolutionConfigurationPlatforms) = preSolution
		Debug|Any CPU = Debug|Any CPU
		Release|Any CPU = Release|Any CPU
	EndGlobalSection
	GlobalSection(ProjectConfigurationPlatforms) = postSolution
		{3BA04733-FE58-4BBB-9AA4-76C17F0103B1}.Debug|Any CPU.ActiveCfg = Debug|Any CPU
		{3BA04733-FE58-4BBB-9AA4-76C17F0103B1}.Debug|Any CPU.Build.0 = Debug|Any CPU
		{3BA04733-FE58-4BBB-9AA4-76C17F0103B1}.Release|Any CPU.ActiveCfg = Release|Any CPU
		{3BA04733-FE58-4BBB-9AA4-76C17F0103B1}.Release|Any CPU.Build.0 = Release|Any CPU
	EndGlobalSection
	GlobalSection(SolutionProperties) = preSolution
		HideSolutionNode = FALSE
	EndGlobalSection
	GlobalSection(ExtensibilityGlobals) = postSolution
		SolutionGuid = {4CC5D587-ED6B-4F71-A5C7-1FFA1E0399C8}
	EndGlobalSection
EndGlobal
